Microsoft Visual Studio Solution File, Format Version 12.00# Visual Studio 15VisualStudioVersion = 15.0.27703.2000MinimumVisualStudioVersion = 10.0.40219.1Project("{FAE04EC0-301F-11D3-BF4B-00C04F79EFBC}") = "MyTest311.Entities", "MyTest311.Entities\MyTest311.Entities.csproj", "{DE6FF08E-38FD-4F96-9C59-2388C002AA14}"EndProjectProject("{FAE04EC0-301F-11D3-BF4B-00C04F79EFBC}") = "MyTest311.Daos.Interfaces", "MyTest311.Daos.Interfaces\MyTest311.Daos.Interfaces.csproj", "{9D9EDD61-EAB5-4798-B13E-095AFA7B59FF}"EndProjectProject("{FAE04EC0-301F-11D3-BF4B-00C04F79EFBC}") = "MyTest311.Services.Interfaces", "MyTest311.Services.Interfaces\MyTest311.Services.Interfaces.csproj", "{0D3F52E4-CB70-402C-BDF7-C601848B65BD}"EndProjectProject("{FAE04EC0-301F-11D3-BF4B-00C04F79EFBC}") = "MyTest311.Daos", "MyTest311.Daos\MyTest311.Daos.csproj", "{657942BD-9EC9-4418-AAF0-098B639C0244}"EndProjectProject("{FAE04EC0-301F-11D3-BF4B-00C04F79EFBC}") = "MyTest311.Services", "MyTest311.Services\MyTest311.Services.csproj", "{D8BE31DA-4E4E-43E7-A22C-BDB17B187977}"EndProjectProject("{FAE04EC0-301F-11D3-BF4B-00C04F79EFBC}") = "MyTest311.Web", "MyTest311.Web\MyTest311.Web.csproj", "{C2AF1E29-7270-4D3C-9936-9F950F711011}"EndProjectProject("{FAE04EC0-301F-11D3-BF4B-00C04F79EFBC}") = "MyTest311.WebApi", "MyTest311.WebApi\MyTest311.WebApi.csproj", "{8165F89B-9897-4A1D-8C92-DD90DECA696F}"EndProject<!--add customized code between this region--><!--add customized code between this region-->Global	GlobalSection(SolutionConfigurationPlatforms) = preSolution		Debug|Any CPU = Debug|Any CPU		Release|Any CPU = Release|Any CPU	EndGlobalSection	GlobalSection(ProjectConfigurationPlatforms) = postSolution		{DE6FF08E-38FD-4F96-9C59-2388C002AA14}.Debug|Any CPU.ActiveCfg = Debug|Any CPU		{DE6FF08E-38FD-4F96-9C59-2388C002AA14}.Debug|Any CPU.Build.0 = Debug|Any CPU		{DE6FF08E-38FD-4F96-9C59-2388C002AA14}.Release|Any CPU.ActiveCfg = Release|Any CPU		{DE6FF08E-38FD-4F96-9C59-2388C002AA14}.Release|Any CPU.Build.0 = Release|Any CPU		{9D9EDD61-EAB5-4798-B13E-095AFA7B59FF}.Debug|Any CPU.ActiveCfg = Debug|Any CPU		{9D9EDD61-EAB5-4798-B13E-095AFA7B59FF}.Debug|Any CPU.Build.0 = Debug|Any CPU		{9D9EDD61-EAB5-4798-B13E-095AFA7B59FF}.Release|Any CPU.ActiveCfg = Release|Any CPU		{9D9EDD61-EAB5-4798-B13E-095AFA7B59FF}.Release|Any CPU.Build.0 = Release|Any CPU		{0D3F52E4-CB70-402C-BDF7-C601848B65BD}.Debug|Any CPU.ActiveCfg = Debug|Any CPU		{0D3F52E4-CB70-402C-BDF7-C601848B65BD}.Debug|Any CPU.Build.0 = Debug|Any CPU		{0D3F52E4-CB70-402C-BDF7-C601848B65BD}.Release|Any CPU.ActiveCfg = Release|Any CPU		{0D3F52E4-CB70-402C-BDF7-C601848B65BD}.Release|Any CPU.Build.0 = Release|Any CPU		{657942BD-9EC9-4418-AAF0-098B639C0244}.Debug|Any CPU.ActiveCfg = Debug|Any CPU		{657942BD-9EC9-4418-AAF0-098B639C0244}.Debug|Any CPU.Build.0 = Debug|Any CPU		{657942BD-9EC9-4418-AAF0-098B639C0244}.Release|Any CPU.ActiveCfg = Release|Any CPU		{657942BD-9EC9-4418-AAF0-098B639C0244}.Release|Any CPU.Build.0 = Release|Any CPU		{D8BE31DA-4E4E-43E7-A22C-BDB17B187977}.Debug|Any CPU.ActiveCfg = Debug|Any CPU		{D8BE31DA-4E4E-43E7-A22C-BDB17B187977}.Debug|Any CPU.Build.0 = Debug|Any CPU		{D8BE31DA-4E4E-43E7-A22C-BDB17B187977}.Release|Any CPU.ActiveCfg = Release|Any CPU		{D8BE31DA-4E4E-43E7-A22C-BDB17B187977}.Release|Any CPU.Build.0 = Release|Any CPU		{C2AF1E29-7270-4D3C-9936-9F950F711011}.Debug|Any CPU.ActiveCfg = Debug|Any CPU		{C2AF1E29-7270-4D3C-9936-9F950F711011}.Debug|Any CPU.Build.0 = Debug|Any CPU		{C2AF1E29-7270-4D3C-9936-9F950F711011}.Release|Any CPU.ActiveCfg = Release|Any CPU		{C2AF1E29-7270-4D3C-9936-9F950F711011}.Release|Any CPU.Build.0 = Release|Any CPU		{8165F89B-9897-4A1D-8C92-DD90DECA696F}.Debug|Any CPU.ActiveCfg = Debug|Any CPU		{8165F89B-9897-4A1D-8C92-DD90DECA696F}.Debug|Any CPU.Build.0 = Debug|Any CPU		{8165F89B-9897-4A1D-8C92-DD90DECA696F}.Release|Any CPU.ActiveCfg = Release|Any CPU		{8165F89B-9897-4A1D-8C92-DD90DECA696F}.Release|Any CPU.Build.0 = Release|Any CPU		<!--add customized code between this region-->		<!--add customized code between this region-->	EndGlobalSection
	GlobalSection(SolutionProperties) = preSolution		HideSolutionNode = FALSE	EndGlobalSection	GlobalSection(ExtensibilityGlobals) = postSolution		SolutionGuid = {89FF3ADE-2D37-477A-8E4A-EFA0A810E46D}	EndGlobalSectionEndGlobal